
Microsoft Visual Studio Solution File, Format Version 12.00
# Visual Studio Version 17
VisualStudioVersion = 17.5.33530.505
MinimumVisualStudioVersion = 10.0.40219.1
Project("{2150E333-8FDC-42A3-9474-1A3956D46DE8}") = "Src", "Src", "{D46A7E20-D817-4296-B878-F0D788E82F8D}"
EndProject
Project("{2150E333-8FDC-42A3-9474-1A3956D46DE8}") = "Core", "Core", "{D4DE3286-8E01-4687-8D27-DAD8DA949F83}"
EndProject
Project("{2150E333-8FDC-42A3-9474-1A3956D46DE8}") = "Presentation", "Presentation", "{316D7E79-6FA7-47E8-BEF6-15FBB59137DA}"
EndProject
Project("{2150E333-8FDC-42A3-9474-1A3956D46DE8}") = "Infraestructure", "Infraestructure", "{9A6B6B89-F260-496C-A8E7-B13AF10E2B5A}"
EndProject
Project("{2150E333-8FDC-42A3-9474-1A3956D46DE8}") = "Web", "Web", "{1E7D8EB0-15BF-4809-B9B5-783397E39E04}"
EndProject
Project("{FAE04EC0-301F-11D3-BF4B-00C04F79EFBC}") = "Application", "Application\Application.csproj", "{9BB9A859-98B0-4BB6-98A7-27FF2CDB038C}"
EndProject
Project("{FAE04EC0-301F-11D3-BF4B-00C04F79EFBC}") = "Domain", "Domain\Domain.csproj", "{B02E825E-DE83-4EE8-8064-7EEC370889CF}"
EndProject
Project("{FAE04EC0-301F-11D3-BF4B-00C04F79EFBC}") = "Persistence", "Persistence\Persistence.csproj", "{DCA65C1C-E0E2-4624-B402-011B6461AF8B}"
EndProject
Project("{FAE04EC0-301F-11D3-BF4B-00C04F79EFBC}") = "Shared", "Shared\Shared.csproj", "{935DE1CA-E4CD-498D-9C47-7C301F0668A6}"
EndProject
Project("{FAE04EC0-301F-11D3-BF4B-00C04F79EFBC}") = "WebMinimalApi", "WebMinimalApi\WebMinimalApi.csproj", "{4E6D48F2-4709-4113-929F-D5CA6DAAC301}"
EndProject
Project("{FAE04EC0-301F-11D3-BF4B-00C04F79EFBC}") = "Front", "Front\Front.csproj", "{922F87B5-4493-45C8-B196-8AE28AE75237}"
EndProject
Global
	GlobalSection(SolutionConfigurationPlatforms) = preSolution
		Debug|Any CPU = Debug|Any CPU
		Release|Any CPU = Release|Any CPU
	EndGlobalSection
	GlobalSection(ProjectConfigurationPlatforms) = postSolution
		{9BB9A859-98B0-4BB6-98A7-27FF2CDB038C}.Debug|Any CPU.ActiveCfg = Debug|Any CPU
		{9BB9A859-98B0-4BB6-98A7-27FF2CDB038C}.Debug|Any CPU.Build.0 = Debug|Any CPU
		{9BB9A859-98B0-4BB6-98A7-27FF2CDB038C}.Release|Any CPU.ActiveCfg = Release|Any CPU
		{9BB9A859-98B0-4BB6-98A7-27FF2CDB038C}.Release|Any CPU.Build.0 = Release|Any CPU
		{B02E825E-DE83-4EE8-8064-7EEC370889CF}.Debug|Any CPU.ActiveCfg = Debug|Any CPU
		{B02E825E-DE83-4EE8-8064-7EEC370889CF}.Debug|Any CPU.Build.0 = Debug|Any CPU
		{B02E825E-DE83-4EE8-8064-7EEC370889CF}.Release|Any CPU.ActiveCfg = Release|Any CPU
		{B02E825E-DE83-4EE8-8064-7EEC370889CF}.Release|Any CPU.Build.0 = Release|Any CPU
		{DCA65C1C-E0E2-4624-B402-011B6461AF8B}.Debug|Any CPU.ActiveCfg = Debug|Any CPU
		{DCA65C1C-E0E2-4624-B402-011B6461AF8B}.Debug|Any CPU.Build.0 = Debug|Any CPU
		{DCA65C1C-E0E2-4624-B402-011B6461AF8B}.Release|Any CPU.ActiveCfg = Release|Any CPU
		{DCA65C1C-E0E2-4624-B402-011B6461AF8B}.Release|Any CPU.Build.0 = Release|Any CPU
		{935DE1CA-E4CD-498D-9C47-7C301F0668A6}.Debug|Any CPU.ActiveCfg = Debug|Any CPU
		{935DE1CA-E4CD-498D-9C47-7C301F0668A6}.Debug|Any CPU.Build.0 = Debug|Any CPU
		{935DE1CA-E4CD-498D-9C47-7C301F0668A6}.Release|Any CPU.ActiveCfg = Release|Any CPU
		{935DE1CA-E4CD-498D-9C47-7C301F0668A6}.Release|Any CPU.Build.0 = Release|Any CPU
		{4E6D48F2-4709-4113-929F-D5CA6DAAC301}.Debug|Any CPU.ActiveCfg = Debug|Any CPU
		{4E6D48F2-4709-4113-929F-D5CA6DAAC301}.Debug|Any CPU.Build.0 = Debug|Any CPU
		{4E6D48F2-4709-4113-929F-D5CA6DAAC301}.Release|Any CPU.ActiveCfg = Release|Any CPU
		{4E6D48F2-4709-4113-929F-D5CA6DAAC301}.Release|Any CPU.Build.0 = Release|Any CPU
		{922F87B5-4493-45C8-B196-8AE28AE75237}.Debug|Any CPU.ActiveCfg = Debug|Any CPU
		{922F87B5-4493-45C8-B196-8AE28AE75237}.Debug|Any CPU.Build.0 = Debug|Any CPU
		{922F87B5-4493-45C8-B196-8AE28AE75237}.Release|Any CPU.ActiveCfg = Release|Any CPU
		{922F87B5-4493-45C8-B196-8AE28AE75237}.Release|Any CPU.Build.0 = Release|Any CPU
	EndGlobalSection
	GlobalSection(SolutionProperties) = preSolution
		HideSolutionNode = FALSE
	EndGlobalSection
	GlobalSection(NestedProjects) = preSolution
		{D4DE3286-8E01-4687-8D27-DAD8DA949F83} = {D46A7E20-D817-4296-B878-F0D788E82F8D}
		{316D7E79-6FA7-47E8-BEF6-15FBB59137DA} = {D46A7E20-D817-4296-B878-F0D788E82F8D}
		{9A6B6B89-F260-496C-A8E7-B13AF10E2B5A} = {D46A7E20-D817-4296-B878-F0D788E82F8D}
		{1E7D8EB0-15BF-4809-B9B5-783397E39E04} = {D46A7E20-D817-4296-B878-F0D788E82F8D}
		{9BB9A859-98B0-4BB6-98A7-27FF2CDB038C} = {D4DE3286-8E01-4687-8D27-DAD8DA949F83}
		{B02E825E-DE83-4EE8-8064-7EEC370889CF} = {D4DE3286-8E01-4687-8D27-DAD8DA949F83}
		{DCA65C1C-E0E2-4624-B402-011B6461AF8B} = {9A6B6B89-F260-496C-A8E7-B13AF10E2B5A}
		{935DE1CA-E4CD-498D-9C47-7C301F0668A6} = {9A6B6B89-F260-496C-A8E7-B13AF10E2B5A}
		{4E6D48F2-4709-4113-929F-D5CA6DAAC301} = {316D7E79-6FA7-47E8-BEF6-15FBB59137DA}
		{922F87B5-4493-45C8-B196-8AE28AE75237} = {1E7D8EB0-15BF-4809-B9B5-783397E39E04}
	EndGlobalSection
	GlobalSection(ExtensibilityGlobals) = postSolution
		SolutionGuid = {58417A09-D916-4E99-A944-513B899CE848}
	EndGlobalSection
EndGlobal
